
Microsoft Visual Studio Solution File, Format Version 12.00
Project("{FAE04EC0-301F-11D3-BF4B-00C04F79EFBC}") = "ConsolekeyType.Core", "src\ConsolekeyType.Core\ConsolekeyType.Core.csproj", "{C18FE1A7-23FA-4022-8931-7D49F5CE3105}"
EndProject
Project("{2150E333-8FDC-42A3-9474-1A3956D46DE8}") = "core", "core", "{06D66FF8-BE50-41F3-9188-5C91D16E5758}"
EndProject
Project("{2150E333-8FDC-42A3-9474-1A3956D46DE8}") = "tests", "tests", "{4B7FDB7A-131C-4316-A8F8-876965AD2B13}"
EndProject
Project("{FAE04EC0-301F-11D3-BF4B-00C04F79EFBC}") = "ConsolekeyType.UnitTests", "tests\ConsolekeyType.UnitTests\ConsolekeyType.UnitTests.csproj", "{907B160B-BA21-4808-BEE9-CEB93BEB96A7}"
EndProject
Project("{FAE04EC0-301F-11D3-BF4B-00C04F79EFBC}") = "ConsolekeyType.FunctionalTests", "tests\ConsolekeyType.FunctionalTests\ConsolekeyType.FunctionalTests.csproj", "{15D7D4AC-8968-4EB2-8918-AFB6B124CFAC}"
EndProject
Global
	GlobalSection(SolutionConfigurationPlatforms) = preSolution
		Debug|Any CPU = Debug|Any CPU
		Release|Any CPU = Release|Any CPU
	EndGlobalSection
	GlobalSection(ProjectConfigurationPlatforms) = postSolution
		{C18FE1A7-23FA-4022-8931-7D49F5CE3105}.Debug|Any CPU.ActiveCfg = Debug|Any CPU
		{C18FE1A7-23FA-4022-8931-7D49F5CE3105}.Debug|Any CPU.Build.0 = Debug|Any CPU
		{C18FE1A7-23FA-4022-8931-7D49F5CE3105}.Release|Any CPU.ActiveCfg = Release|Any CPU
		{C18FE1A7-23FA-4022-8931-7D49F5CE3105}.Release|Any CPU.Build.0 = Release|Any CPU
		{907B160B-BA21-4808-BEE9-CEB93BEB96A7}.Debug|Any CPU.ActiveCfg = Debug|Any CPU
		{907B160B-BA21-4808-BEE9-CEB93BEB96A7}.Debug|Any CPU.Build.0 = Debug|Any CPU
		{907B160B-BA21-4808-BEE9-CEB93BEB96A7}.Release|Any CPU.ActiveCfg = Release|Any CPU
		{907B160B-BA21-4808-BEE9-CEB93BEB96A7}.Release|Any CPU.Build.0 = Release|Any CPU
		{15D7D4AC-8968-4EB2-8918-AFB6B124CFAC}.Debug|Any CPU.ActiveCfg = Debug|Any CPU
		{15D7D4AC-8968-4EB2-8918-AFB6B124CFAC}.Debug|Any CPU.Build.0 = Debug|Any CPU
		{15D7D4AC-8968-4EB2-8918-AFB6B124CFAC}.Release|Any CPU.ActiveCfg = Release|Any CPU
		{15D7D4AC-8968-4EB2-8918-AFB6B124CFAC}.Release|Any CPU.Build.0 = Release|Any CPU
	EndGlobalSection
	GlobalSection(NestedProjects) = preSolution
		{C18FE1A7-23FA-4022-8931-7D49F5CE3105} = {06D66FF8-BE50-41F3-9188-5C91D16E5758}
		{907B160B-BA21-4808-BEE9-CEB93BEB96A7} = {4B7FDB7A-131C-4316-A8F8-876965AD2B13}
		{15D7D4AC-8968-4EB2-8918-AFB6B124CFAC} = {4B7FDB7A-131C-4316-A8F8-876965AD2B13}
	EndGlobalSection
EndGlobal
